{
    "name": "install",
    "lockfileVersion": 3,
    "requires": true,
    "packages": {
        "": {
            "name": "install",
            "workspaces": [
                "apps/*"
            ]
        },
        "apps/abc": {},
        "apps/def": {},
        "node_modules/abc": {
            "resolved": "apps/abc",
            "link": true
        },
        "node_modules/def": {
            "resolved": "apps/def",
            "link": true
        }
    }
}
